
Microsoft Visual Studio Solution File, Format Version 12.00
# Visual Studio Version 16
VisualStudioVersion = 16.0.30413.136
MinimumVisualStudioVersion = 10.0.40219.1
Project("{8BC9CEB8-8B4A-11D0-8D11-00A0C91BC942}") = "Anti-Aliasing", "Anti-Aliasing\Anti-Aliasing.vcxproj", "{7D650CA0-C35D-4B42-8301-DE6DDC34733C}"
EndProject
Global
	GlobalSection(SolutionConfigurationPlatforms) = preSolution
		Debug|x64 = Debug|x64
		Debug|x86 = Debug|x86
		Release|x64 = Release|x64
		Release|x86 = Release|x86
	EndGlobalSection
	GlobalSection(ProjectConfigurationPlatforms) = postSolution
		{7D650CA0-C35D-4B42-8301-DE6DDC34733C}.Debug|x64.ActiveCfg = Debug|x64
		{7D650CA0-C35D-4B42-8301-DE6DDC34733C}.Debug|x64.Build.0 = Debug|x64
		{7D650CA0-C35D-4B42-8301-DE6DDC34733C}.Debug|x86.ActiveCfg = Debug|Win32
		{7D650CA0-C35D-4B42-8301-DE6DDC34733C}.Debug|x86.Build.0 = Debug|Win32
		{7D650CA0-C35D-4B42-8301-DE6DDC34733C}.Release|x64.ActiveCfg = Release|x64
		{7D650CA0-C35D-4B42-8301-DE6DDC34733C}.Release|x64.Build.0 = Release|x64
		{7D650CA0-C35D-4B42-8301-DE6DDC34733C}.Release|x86.ActiveCfg = Release|Win32
		{7D650CA0-C35D-4B42-8301-DE6DDC34733C}.Release|x86.Build.0 = Release|Win32
	EndGlobalSection
	GlobalSection(SolutionProperties) = preSolution
		HideSolutionNode = FALSE
	EndGlobalSection
	GlobalSection(ExtensibilityGlobals) = postSolution
		SolutionGuid = {C9FFEFE4-D44D-4C98-85CD-6C61311F7181}
	EndGlobalSection
EndGlobal
