<?xml version="1.0" encoding="utf-8"?>
<Project ToolsVersion="4.0" xmlns="http://schemas.microsoft.com/developer/msbuild/2003">
  <ItemGroup>
    <Filter Include="Source Files">
      <UniqueIdentifier>{4FC737F1-C7A5-4376-A066-2A32D752A2FF}</UniqueIdentifier>
      <Extensions>cpp;c;cc;cxx;c++;cppm;ixx;def;odl;idl;hpj;bat;asm;asmx</Extensions>
    </Filter>
    <Filter Include="Header Files">
      <UniqueIdentifier>{93995380-89BD-4b04-88EB-625FBE52EBFB}</UniqueIdentifier>
      <Extensions>h;hh;hpp;hxx;h++;hm;inl;inc;ipp;xsd</Extensions>
    </Filter>
    <Filter Include="Resource Files">
      <UniqueIdentifier>{67DA6AB6-F800-4c08-8B7A-83BB121AAD01}</UniqueIdentifier>
      <Extensions>rc;ico;cur;bmp;dlg;rc2;rct;bin;rgs;gif;jpg;jpeg;jpe;resx;tiff;tif;png;wav;mfcribbon-ms</Extensions>
    </Filter>
  </ItemGroup>
  <ItemGroup>
    <ClInclude Include="graphics\internal\d3dx12.h">
      <Filter>Header Files</Filter>
    </ClInclude>
    <ClInclude Include="graphics\internal\descriptor_heap.h">
      <Filter>Header Files</Filter>
    </ClInclude>
    <ClInclude Include="graphics\internal\egx_common.h">
      <Filter>Header Files</Filter>
    </ClInclude>
    <ClInclude Include="graphics\internal\egx_internal.h">
      <Filter>Header Files</Filter>
    </ClInclude>
    <ClInclude Include="graphics\internal\gpu_buffer.h">
      <Filter>Header Files</Filter>
    </ClInclude>
    <ClInclude Include="graphics\internal\upload_heap.h">
      <Filter>Header Files</Filter>
    </ClInclude>
    <ClInclude Include="graphics\command_context.h">
      <Filter>Header Files</Filter>
    </ClInclude>
    <ClInclude Include="graphics\constant_buffer.h">
      <Filter>Header Files</Filter>
    </ClInclude>
    <ClInclude Include="graphics\cpu_buffer.h">
      <Filter>Header Files</Filter>
    </ClInclude>
    <ClInclude Include="graphics\depth_buffer.h">
      <Filter>Header Files</Filter>
    </ClInclude>
    <ClInclude Include="graphics\device.h">
      <Filter>Header Files</Filter>
    </ClInclude>
    <ClInclude Include="graphics\index_buffer.h">
      <Filter>Header Files</Filter>
    </ClInclude>
    <ClInclude Include="graphics\input_layout.h">
      <Filter>Header Files</Filter>
    </ClInclude>
    <ClInclude Include="graphics\pipeline_state.h">
      <Filter>Header Files</Filter>
    </ClInclude>
    <ClInclude Include="graphics\root_signature.h">
      <Filter>Header Files</Filter>
    </ClInclude>
    <ClInclude Include="graphics\sampler.h">
      <Filter>Header Files</Filter>
    </ClInclude>
    <ClInclude Include="graphics\shader.h">
      <Filter>Header Files</Filter>
    </ClInclude>
    <ClInclude Include="graphics\texture2d.h">
      <Filter>Header Files</Filter>
    </ClInclude>
    <ClInclude Include="graphics\vertex_buffer.h">
      <Filter>Header Files</Filter>
    </ClInclude>
    <ClInclude Include="io\console.h">
      <Filter>Header Files</Filter>
    </ClInclude>
    <ClInclude Include="io\game_clock.h">
      <Filter>Header Files</Filter>
    </ClInclude>
    <ClInclude Include="io\input_manager.h">
      <Filter>Header Files</Filter>
    </ClInclude>
    <ClInclude Include="io\keyboard_state.h">
      <Filter>Header Files</Filter>
    </ClInclude>
    <ClInclude Include="io\mouse_state.h">
      <Filter>Header Files</Filter>
    </ClInclude>
    <ClInclude Include="io\window_state.h">
      <Filter>Header Files</Filter>
    </ClInclude>
    <ClInclude Include="math\color.h">
      <Filter>Header Files</Filter>
    </ClInclude>
    <ClInclude Include="math\point2d.h">
      <Filter>Header Files</Filter>
    </ClInclude>
    <ClInclude Include="math\vec2.h">
      <Filter>Header Files</Filter>
    </ClInclude>
    <ClInclude Include="math\vec3.h">
      <Filter>Header Files</Filter>
    </ClInclude>
    <ClInclude Include="math\vec4.h">
      <Filter>Header Files</Filter>
    </ClInclude>
    <ClInclude Include="misc\string_helpers.h">
      <Filter>Header Files</Filter>
    </ClInclude>
    <ClInclude Include="window\window.h">
      <Filter>Header Files</Filter>
    </ClInclude>
    <ClInclude Include="graphics\mesh.h">
      <Filter>Header Files</Filter>
    </ClInclude>
    <ClInclude Include="io\mesh_io.h">
      <Filter>Header Files</Filter>
    </ClInclude>
  </ItemGroup>
  <ItemGroup>
    <ClCompile Include="graphics\internal\descriptor_heap.cpp">
      <Filter>Source Files</Filter>
    </ClCompile>
    <ClCompile Include="graphics\internal\gpu_buffer.cpp">
      <Filter>Source Files</Filter>
    </ClCompile>
    <ClCompile Include="graphics\internal\upload_heap.cpp">
      <Filter>Source Files</Filter>
    </ClCompile>
    <ClCompile Include="graphics\command_context.cpp">
      <Filter>Source Files</Filter>
    </ClCompile>
    <ClCompile Include="graphics\constant_buffer.cpp">
      <Filter>Source Files</Filter>
    </ClCompile>
    <ClCompile Include="graphics\depth_buffer.cpp">
      <Filter>Source Files</Filter>
    </ClCompile>
    <ClCompile Include="graphics\device.cpp">
      <Filter>Source Files</Filter>
    </ClCompile>
    <ClCompile Include="graphics\pipeline_state.cpp">
      <Filter>Source Files</Filter>
    </ClCompile>
    <ClCompile Include="graphics\root_signature.cpp">
      <Filter>Source Files</Filter>
    </ClCompile>
    <ClCompile Include="graphics\shader.cpp">
      <Filter>Source Files</Filter>
    </ClCompile>
    <ClCompile Include="graphics\texture2d.cpp">
      <Filter>Source Files</Filter>
    </ClCompile>
    <ClCompile Include="io\console.cpp">
      <Filter>Source Files</Filter>
    </ClCompile>
    <ClCompile Include="io\game_clock.cpp">
      <Filter>Source Files</Filter>
    </ClCompile>
    <ClCompile Include="io\keyboard_state.cpp">
      <Filter>Source Files</Filter>
    </ClCompile>
    <ClCompile Include="io\mouse_state.cpp">
      <Filter>Source Files</Filter>
    </ClCompile>
    <ClCompile Include="window\window.cpp">
      <Filter>Source Files</Filter>
    </ClCompile>
    <ClCompile Include="graphics\mesh.cpp">
      <Filter>Source Files</Filter>
    </ClCompile>
    <ClCompile Include="io\mesh_io.cpp">
      <Filter>Source Files</Filter>
    </ClCompile>
  </ItemGroup>
</Project>